
Microsoft Visual Studio Solution File, Format Version 12.00
# Visual Studio 2012
Project("{FAE04EC0-301F-11D3-BF4B-00C04F79EFBC}") = "FlowDocumentReporting.Sample", "FlowDocumentReporting\FlowDocumentReporting.Sample.csproj", "{A0AA2016-EC86-40B0-90E3-D81A2CA93E1A}"
EndProject
Project("{FAE04EC0-301F-11D3-BF4B-00C04F79EFBC}") = "FlowDocumentReporting.Engine", "FlowDocumentReporting.Engine\FlowDocumentReporting.Engine.csproj", "{E3C95B17-3C1F-438E-B651-B68257FDE9A5}"
EndProject
Global
	GlobalSection(SolutionConfigurationPlatforms) = preSolution
		Debug|Any CPU = Debug|Any CPU
		Release|Any CPU = Release|Any CPU
	EndGlobalSection
	GlobalSection(ProjectConfigurationPlatforms) = postSolution
		{A0AA2016-EC86-40B0-90E3-D81A2CA93E1A}.Debug|Any CPU.ActiveCfg = Debug|Any CPU
		{A0AA2016-EC86-40B0-90E3-D81A2CA93E1A}.Debug|Any CPU.Build.0 = Debug|Any CPU
		{A0AA2016-EC86-40B0-90E3-D81A2CA93E1A}.Release|Any CPU.ActiveCfg = Release|Any CPU
		{A0AA2016-EC86-40B0-90E3-D81A2CA93E1A}.Release|Any CPU.Build.0 = Release|Any CPU
		{E3C95B17-3C1F-438E-B651-B68257FDE9A5}.Debug|Any CPU.ActiveCfg = Debug|Any CPU
		{E3C95B17-3C1F-438E-B651-B68257FDE9A5}.Debug|Any CPU.Build.0 = Debug|Any CPU
		{E3C95B17-3C1F-438E-B651-B68257FDE9A5}.Release|Any CPU.ActiveCfg = Release|Any CPU
		{E3C95B17-3C1F-438E-B651-B68257FDE9A5}.Release|Any CPU.Build.0 = Release|Any CPU
	EndGlobalSection
	GlobalSection(SolutionProperties) = preSolution
		HideSolutionNode = FALSE
	EndGlobalSection
EndGlobal
